// !$*UTF8*$!
{
	archiveVersion = 1;
	classes = {
	};
	objectVersion = 77;
	objects = {

/* Begin PBXContainerItemProxy section */
		D27CCD4C2D36DD6B0050AB20 /* PBXContainerItemProxy */ = {
			isa = PBXContainerItemProxy;
			containerPortal = D27CCD2A2D36DD690050AB20 /* Project object */;
			proxyType = 1;
			remoteGlobalIDString = D27CCD312D36DD690050AB20;
			remoteInfo = "Example Combine";
		};
		D27CCD562D36DD6B0050AB20 /* PBXContainerItemProxy */ = {
			isa = PBXContainerItemProxy;
			containerPortal = D27CCD2A2D36DD690050AB20 /* Project object */;
			proxyType = 1;
			remoteGlobalIDString = D27CCD312D36DD690050AB20;
			remoteInfo = "Example Combine";
		};
/* End PBXContainerItemProxy section */

/* Begin PBXFileReference section */
		D27CCD322D36DD690050AB20 /* Example Combine.app */ = {isa = PBXFileReference; explicitFileType = wrapper.application; includeInIndex = 0; path = "Example Combine.app"; sourceTree = BUILT_PRODUCTS_DIR; };
		D27CCD4B2D36DD6B0050AB20 /* Example CombineTests.xctest */ = {isa = PBXFileReference; explicitFileType = wrapper.cfbundle; includeInIndex = 0; path = "Example CombineTests.xctest"; sourceTree = BUILT_PRODUCTS_DIR; };
		D27CCD552D36DD6B0050AB20 /* Example CombineUITests.xctest */ = {isa = PBXFileReference; explicitFileType = wrapper.cfbundle; includeInIndex = 0; path = "Example CombineUITests.xctest"; sourceTree = BUILT_PRODUCTS_DIR; };
/* End PBXFileReference section */

/* Begin PBXFileSystemSynchronizedBuildFileExceptionSet section */
		D27CCD5D2D36DD6B0050AB20 /* Exceptions for "Example Combine" folder in "Example Combine" target */ = {
			isa = PBXFileSystemSynchronizedBuildFileExceptionSet;
			membershipExceptions = (
				Info.plist,
			);
			target = D27CCD312D36DD690050AB20 /* Example Combine */;
		};
/* End PBXFileSystemSynchronizedBuildFileExceptionSet section */

/* Begin PBXFileSystemSynchronizedRootGroup section */
		D27CCD342D36DD690050AB20 /* Example Combine */ = {
			isa = PBXFileSystemSynchronizedRootGroup;
			exceptions = (
				D27CCD5D2D36DD6B0050AB20 /* Exceptions for "Example Combine" folder in "Example Combine" target */,
			);
			path = "Example Combine";
			sourceTree = "<group>";
		};
		D27CCD4E2D36DD6B0050AB20 /* Example CombineTests */ = {
			isa = PBXFileSystemSynchronizedRootGroup;
			path = "Example CombineTests";
			sourceTree = "<group>";
		};
		D27CCD582D36DD6B0050AB20 /* Example CombineUITests */ = {
			isa = PBXFileSystemSynchronizedRootGroup;
			path = "Example CombineUITests";
			sourceTree = "<group>";
		};
/* End PBXFileSystemSynchronizedRootGroup section */

/* Begin PBXFrameworksBuildPhase section */
		D27CCD2F2D36DD690050AB20 /* Frameworks */ = {
			isa = PBXFrameworksBuildPhase;
			buildActionMask = 2147483647;
			files = (
			);
			runOnlyForDeploymentPostprocessing = 0;
		};
		D27CCD482D36DD6B0050AB20 /* Frameworks */ = {
			isa = PBXFrameworksBuildPhase;
			buildActionMask = 2147483647;
			files = (
			);
			runOnlyForDeploymentPostprocessing = 0;
		};
		D27CCD522D36DD6B0050AB20 /* Frameworks */ = {
			isa = PBXFrameworksBuildPhase;
			buildActionMask = 2147483647;
			files = (
			);
			runOnlyForDeploymentPostprocessing = 0;
		};
/* End PBXFrameworksBuildPhase section */

/* Begin PBXGroup section */
		D27CCD292D36DD690050AB20 = {
			isa = PBXGroup;
			children = (
				D27CCD342D36DD690050AB20 /* Example Combine */,
				D27CCD4E2D36DD6B0050AB20 /* Example CombineTests */,
				D27CCD582D36DD6B0050AB20 /* Example CombineUITests */,
				D27CCD332D36DD690050AB20 /* Products */,
			);
			sourceTree = "<group>";
		};
		D27CCD332D36DD690050AB20 /* Products */ = {
			isa = PBXGroup;
			children = (
				D27CCD322D36DD690050AB20 /* Example Combine.app */,
				D27CCD4B2D36DD6B0050AB20 /* Example CombineTests.xctest */,
				D27CCD552D36DD6B0050AB20 /* Example CombineUITests.xctest */,
			);
			name = Products;
			sourceTree = "<group>";
		};
/* End PBXGroup section */

/* Begin PBXNativeTarget section */
		D27CCD312D36DD690050AB20 /* Example Combine */ = {
			isa = PBXNativeTarget;
			buildConfigurationList = D27CCD5E2D36DD6B0050AB20 /* Build configuration list for PBXNativeTarget "Example Combine" */;
			buildPhases = (
				D27CCD2E2D36DD690050AB20 /* Sources */,
				D27CCD2F2D36DD690050AB20 /* Frameworks */,
				D27CCD302D36DD690050AB20 /* Resources */,
			);
			buildRules = (
			);
			dependencies = (
			);
			fileSystemSynchronizedGroups = (
				D27CCD342D36DD690050AB20 /* Example Combine */,
			);
			name = "Example Combine";
			packageProductDependencies = (
			);
			productName = "Example Combine";
			productReference = D27CCD322D36DD690050AB20 /* Example Combine.app */;
			productType = "com.apple.product-type.application";
		};
		D27CCD4A2D36DD6B0050AB20 /* Example CombineTests */ = {
			isa = PBXNativeTarget;
			buildConfigurationList = D27CCD632D36DD6B0050AB20 /* Build configuration list for PBXNativeTarget "Example CombineTests" */;
			buildPhases = (
				D27CCD472D36DD6B0050AB20 /* Sources */,
				D27CCD482D36DD6B0050AB20 /* Frameworks */,
				D27CCD492D36DD6B0050AB20 /* Resources */,
			);
			buildRules = (
			);
			dependencies = (
				D27CCD4D2D36DD6B0050AB20 /* PBXTargetDependency */,
			);
			fileSystemSynchronizedGroups = (
				D27CCD4E2D36DD6B0050AB20 /* Example CombineTests */,
			);
			name = "Example CombineTests";
			packageProductDependencies = (
			);
			productName = "Example CombineTests";
			productReference = D27CCD4B2D36DD6B0050AB20 /* Example CombineTests.xctest */;
			productType = "com.apple.product-type.bundle.unit-test";
		};
		D27CCD542D36DD6B0050AB20 /* Example CombineUITests */ = {
			isa = PBXNativeTarget;
			buildConfigurationList = D27CCD662D36DD6B0050AB20 /* Build configuration list for PBXNativeTarget "Example CombineUITests" */;
			buildPhases = (
				D27CCD512D36DD6B0050AB20 /* Sources */,
				D27CCD522D36DD6B0050AB20 /* Frameworks */,
				D27CCD532D36DD6B0050AB20 /* Resources */,
			);
			buildRules = (
			);
			dependencies = (
				D27CCD572D36DD6B0050AB20 /* PBXTargetDependency */,
			);
			fileSystemSynchronizedGroups = (
				D27CCD582D36DD6B0050AB20 /* Example CombineUITests */,
			);
			name = "Example CombineUITests";
			packageProductDependencies = (
			);
			productName = "Example CombineUITests";
			productReference = D27CCD552D36DD6B0050AB20 /* Example CombineUITests.xctest */;
			productType = "com.apple.product-type.bundle.ui-testing";
		};
/* End PBXNativeTarget section */

/* Begin PBXProject section */
		D27CCD2A2D36DD690050AB20 /* Project object */ = {
			isa = PBXProject;
			attributes = {
				BuildIndependentTargetsInParallel = 1;
				LastSwiftUpdateCheck = 1620;
				LastUpgradeCheck = 1620;
				TargetAttributes = {
					D27CCD312D36DD690050AB20 = {
						CreatedOnToolsVersion = 16.2;
					};
					D27CCD4A2D36DD6B0050AB20 = {
						CreatedOnToolsVersion = 16.2;
						TestTargetID = D27CCD312D36DD690050AB20;
					};
					D27CCD542D36DD6B0050AB20 = {
						CreatedOnToolsVersion = 16.2;
						TestTargetID = D27CCD312D36DD690050AB20;
					};
				};
			};
			buildConfigurationList = D27CCD2D2D36DD690050AB20 /* Build configuration list for PBXProject "Example Combine" */;
			developmentRegion = en;
			hasScannedForEncodings = 0;
			knownRegions = (
				en,
				Base,
			);
			mainGroup = D27CCD292D36DD690050AB20;
			minimizedProjectReferenceProxies = 1;
			preferredProjectObjectVersion = 77;
			productRefGroup = D27CCD332D36DD690050AB20 /* Products */;
			projectDirPath = "";
			projectRoot = "";
			targets = (
				D27CCD312D36DD690050AB20 /* Example Combine */,
				D27CCD4A2D36DD6B0050AB20 /* Example CombineTests */,
				D27CCD542D36DD6B0050AB20 /* Example CombineUITests */,
			);
		};
/* End PBXProject section */

/* Begin PBXResourcesBuildPhase section */
		D27CCD302D36DD690050AB20 /* Resources */ = {
			isa = PBXResourcesBuildPhase;
			buildActionMask = 2147483647;
			files = (
			);
			runOnlyForDeploymentPostprocessing = 0;
		};
		D27CCD492D36DD6B0050AB20 /* Resources */ = {
			isa = PBXResourcesBuildPhase;
			buildActionMask = 2147483647;
			files = (
			);
			runOnlyForDeploymentPostprocessing = 0;
		};
		D27CCD532D36DD6B0050AB20 /* Resources */ = {
			isa = PBXResourcesBuildPhase;
			buildActionMask = 2147483647;
			files = (
			);
			runOnlyForDeploymentPostprocessing = 0;
		};
/* End PBXResourcesBuildPhase section */

/* Begin PBXSourcesBuildPhase section */
		D27CCD2E2D36DD690050AB20 /* Sources */ = {
			isa = PBXSourcesBuildPhase;
			buildActionMask = 2147483647;
			files = (
			);
			runOnlyForDeploymentPostprocessing = 0;
		};
		D27CCD472D36DD6B0050AB20 /* Sources */ = {
			isa = PBXSourcesBuildPhase;
			buildActionMask = 2147483647;
			files = (
			);
			runOnlyForDeploymentPostprocessing = 0;
		};
		D27CCD512D36DD6B0050AB20 /* Sources */ = {
			isa = PBXSourcesBuildPhase;
			buildActionMask = 2147483647;
			files = (
			);
			runOnlyForDeploymentPostprocessing = 0;
		};
/* End PBXSourcesBuildPhase section */

/* Begin PBXTargetDependency section */
		D27CCD4D2D36DD6B0050AB20 /* PBXTargetDependency */ = {
			isa = PBXTargetDependency;
			target = D27CCD312D36DD690050AB20 /* Example Combine */;
			targetProxy = D27CCD4C2D36DD6B0050AB20 /* PBXContainerItemProxy */;
		};
		D27CCD572D36DD6B0050AB20 /* PBXTargetDependency */ = {
			isa = PBXTargetDependency;
			target = D27CCD312D36DD690050AB20 /* Example Combine */;
			targetProxy = D27CCD562D36DD6B0050AB20 /* PBXContainerItemProxy */;
		};
/* End PBXTargetDependency section */

/* Begin XCBuildConfiguration section */
		D27CCD5F2D36DD6B0050AB20 /* Debug */ = {
			isa = XCBuildConfiguration;
			buildSettings = {
				ASSETCATALOG_COMPILER_APPICON_NAME = AppIcon;
				ASSETCATALOG_COMPILER_GLOBAL_ACCENT_COLOR_NAME = AccentColor;
				CODE_SIGN_STYLE = Automatic;
				CURRENT_PROJECT_VERSION = 1;
				DEVELOPMENT_TEAM = FFSK8595GW;
				GENERATE_INFOPLIST_FILE = YES;
				INFOPLIST_FILE = "Example Combine/Info.plist";
				INFOPLIST_KEY_UIApplicationSupportsIndirectInputEvents = YES;
				INFOPLIST_KEY_UILaunchStoryboardName = "";
				INFOPLIST_KEY_UIMainStoryboardFile = Main;
				INFOPLIST_KEY_UISupportedInterfaceOrientations_iPad = "UIInterfaceOrientationPortrait UIInterfaceOrientationPortraitUpsideDown UIInterfaceOrientationLandscapeLeft UIInterfaceOrientationLandscapeRight";
				INFOPLIST_KEY_UISupportedInterfaceOrientations_iPhone = "UIInterfaceOrientationPortrait UIInterfaceOrientationLandscapeLeft UIInterfaceOrientationLandscapeRight";
				LD_RUNPATH_SEARCH_PATHS = (
					"$(inherited)",
					"@executable_path/Frameworks",
				);
				MARKETING_VERSION = 1.0;
				PRODUCT_BUNDLE_IDENTIFIER = "br.com.rodrigoamora.Example-Combine";
				PRODUCT_NAME = "$(TARGET_NAME)";
				SWIFT_EMIT_LOC_STRINGS = YES;
				SWIFT_VERSION = 5.0;
				TARGETED_DEVICE_FAMILY = "1,2";
			};
			name = Debug;
		};
		D27CCD602D36DD6B0050AB20 /* Release */ = {
			isa = XCBuildConfiguration;
			buildSettings = {
				ASSETCATALOG_COMPILER_APPICON_NAME = AppIcon;
				ASSETCATALOG_COMPILER_GLOBAL_ACCENT_COLOR_NAME = AccentColor;
				CODE_SIGN_STYLE = Automatic;
				CURRENT_PROJECT_VERSION = 1;
				DEVELOPMENT_TEAM = FFSK8595GW;
				GENERATE_INFOPLIST_FILE = YES;
				INFOPLIST_FILE = "Example Combine/Info.plist";
				INFOPLIST_KEY_UIApplicationSupportsIndirectInputEvents = YES;
				INFOPLIST_KEY_UILaunchStoryboardName = "";
				INFOPLIST_KEY_UIMainStoryboardFile = Main;
				INFOPLIST_KEY_UISupportedInterfaceOrientations_iPad = "UIInterfaceOrientationPortrait UIInterfaceOrientationPortraitUpsideDown UIInterfaceOrientationLandscapeLeft UIInterfaceOrientationLandscapeRight";
				INFOPLIST_KEY_UISupportedInterfaceOrientations_iPhone = "UIInterfaceOrientationPortrait UIInterfaceOrientationLandscapeLeft UIInterfaceOrientationLandscapeRight";
				LD_RUNPATH_SEARCH_PATHS = (
					"$(inherited)",
					"@executable_path/Frameworks",
				);
				MARKETING_VERSION = 1.0;
				PRODUCT_BUNDLE_IDENTIFIER = "br.com.rodrigoamora.Example-Combine";
				PRODUCT_NAME = "$(TARGET_NAME)";
				SWIFT_EMIT_LOC_STRINGS = YES;
				SWIFT_VERSION = 5.0;
				TARGETED_DEVICE_FAMILY = "1,2";
			};
			name = Release;
		};
		D27CCD612D36DD6B0050AB20 /* Debug */ = {
			isa = XCBuildConfiguration;
			buildSettings = {
				ALWAYS_SEARCH_USER_PATHS = NO;
				ASSETCATALOG_COMPILER_GENERATE_SWIFT_ASSET_SYMBOL_EXTENSIONS = YES;
				CLANG_ANALYZER_NONNULL = YES;
				CLANG_ANALYZER_NUMBER_OBJECT_CONVERSION = YES_AGGRESSIVE;
				CLANG_CXX_LANGUAGE_STANDARD = "gnu++20";
				CLANG_ENABLE_MODULES = YES;
				CLANG_ENABLE_OBJC_ARC = YES;
				CLANG_ENABLE_OBJC_WEAK = YES;
				CLANG_WARN_BLOCK_CAPTURE_AUTORELEASING = YES;
				CLANG_WARN_BOOL_CONVERSION = YES;
				CLANG_WARN_COMMA = YES;
				CLANG_WARN_CONSTANT_CONVERSION = YES;
				CLANG_WARN_DEPRECATED_OBJC_IMPLEMENTATIONS = YES;
				CLANG_WARN_DIRECT_OBJC_ISA_USAGE = YES_ERROR;
				CLANG_WARN_DOCUMENTATION_COMMENTS = YES;
				CLANG_WARN_EMPTY_BODY = YES;
				CLANG_WARN_ENUM_CONVERSION = YES;
				CLANG_WARN_INFINITE_RECURSION = YES;
				CLANG_WARN_INT_CONVERSION = YES;
				CLANG_WARN_NON_LITERAL_NULL_CONVERSION = YES;
				CLANG_WARN_OBJC_IMPLICIT_RETAIN_SELF = YES;
				CLANG_WARN_OBJC_LITERAL_CONVERSION = YES;
				CLANG_WARN_OBJC_ROOT_CLASS = YES_ERROR;
				CLANG_WARN_QUOTED_INCLUDE_IN_FRAMEWORK_HEADER = YES;
				CLANG_WARN_RANGE_LOOP_ANALYSIS = YES;
				CLANG_WARN_STRICT_PROTOTYPES = YES;
				CLANG_WARN_SUSPICIOUS_MOVE = YES;
				CLANG_WARN_UNGUARDED_AVAILABILITY = YES_AGGRESSIVE;
				CLANG_WARN_UNREACHABLE_CODE = YES;
				CLANG_WARN__DUPLICATE_METHOD_MATCH = YES;
				COPY_PHASE_STRIP = NO;
				DEBUG_INFORMATION_FORMAT = dwarf;
				ENABLE_STRICT_OBJC_MSGSEND = YES;
				ENABLE_TESTABILITY = YES;
				ENABLE_USER_SCRIPT_SANDBOXING = YES;
				GCC_C_LANGUAGE_STANDARD = gnu17;
				GCC_DYNAMIC_NO_PIC = NO;
				GCC_NO_COMMON_BLOCKS = YES;
				GCC_OPTIMIZATION_LEVEL = 0;
				GCC_PREPROCESSOR_DEFINITIONS = (
					"DEBUG=1",
					"$(inherited)",
				);
				GCC_WARN_64_TO_32_BIT_CONVERSION = YES;
				GCC_WARN_ABOUT_RETURN_TYPE = YES_ERROR;
				GCC_WARN_UNDECLARED_SELECTOR = YES;
				GCC_WARN_UNINITIALIZED_AUTOS = YES_AGGRESSIVE;
				GCC_WARN_UNUSED_FUNCTION = YES;
				GCC_WARN_UNUSED_VARIABLE = YES;
				IPHONEOS_DEPLOYMENT_TARGET = 18.2;
				LOCALIZATION_PREFERS_STRING_CATALOGS = YES;
				MTL_ENABLE_DEBUG_INFO = INCLUDE_SOURCE;
				MTL_FAST_MATH = YES;
				ONLY_ACTIVE_ARCH = YES;
				SDKROOT = iphoneos;
				SWIFT_ACTIVE_COMPILATION_CONDITIONS = "DEBUG $(inherited)";
				SWIFT_OPTIMIZATION_LEVEL = "-Onone";
			};
			name = Debug;
		};
		D27CCD622D36DD6B0050AB20 /* Release */ = {
			isa = XCBuildConfiguration;
			buildSettings = {
				ALWAYS_SEARCH_USER_PATHS = NO;
				ASSETCATALOG_COMPILER_GENERATE_SWIFT_ASSET_SYMBOL_EXTENSIONS = YES;
				CLANG_ANALYZER_NONNULL = YES;
				CLANG_ANALYZER_NUMBER_OBJECT_CONVERSION = YES_AGGRESSIVE;
				CLANG_CXX_LANGUAGE_STANDARD = "gnu++20";
				CLANG_ENABLE_MODULES = YES;
				CLANG_ENABLE_OBJC_ARC = YES;
				CLANG_ENABLE_OBJC_WEAK = YES;
				CLANG_WARN_BLOCK_CAPTURE_AUTORELEASING = YES;
				CLANG_WARN_BOOL_CONVERSION = YES;
				CLANG_WARN_COMMA = YES;
				CLANG_WARN_CONSTANT_CONVERSION = YES;
				CLANG_WARN_DEPRECATED_OBJC_IMPLEMENTATIONS = YES;
				CLANG_WARN_DIRECT_OBJC_ISA_USAGE = YES_ERROR;
				CLANG_WARN_DOCUMENTATION_COMMENTS = YES;
				CLANG_WARN_EMPTY_BODY = YES;
				CLANG_WARN_ENUM_CONVERSION = YES;
				CLANG_WARN_INFINITE_RECURSION = YES;
				CLANG_WARN_INT_CONVERSION = YES;
				CLANG_WARN_NON_LITERAL_NULL_CONVERSION = YES;
				CLANG_WARN_OBJC_IMPLICIT_RETAIN_SELF = YES;
				CLANG_WARN_OBJC_LITERAL_CONVERSION = YES;
				CLANG_WARN_OBJC_ROOT_CLASS = YES_ERROR;
				CLANG_WARN_QUOTED_INCLUDE_IN_FRAMEWORK_HEADER = YES;
				CLANG_WARN_RANGE_LOOP_ANALYSIS = YES;
				CLANG_WARN_STRICT_PROTOTYPES = YES;
				CLANG_WARN_SUSPICIOUS_MOVE = YES;
				CLANG_WARN_UNGUARDED_AVAILABILITY = YES_AGGRESSIVE;
				CLANG_WARN_UNREACHABLE_CODE = YES;
				CLANG_WARN__DUPLICATE_METHOD_MATCH = YES;
				COPY_PHASE_STRIP = NO;
				DEBUG_INFORMATION_FORMAT = "dwarf-with-dsym";
				ENABLE_NS_ASSERTIONS = NO;
				ENABLE_STRICT_OBJC_MSGSEND = YES;
				ENABLE_USER_SCRIPT_SANDBOXING = YES;
				GCC_C_LANGUAGE_STANDARD = gnu17;
				GCC_NO_COMMON_BLOCKS = YES;
				GCC_WARN_64_TO_32_BIT_CONVERSION = YES;
				GCC_WARN_ABOUT_RETURN_TYPE = YES_ERROR;
				GCC_WARN_UNDECLARED_SELECTOR = YES;
				GCC_WARN_UNINITIALIZED_AUTOS = YES_AGGRESSIVE;
				GCC_WARN_UNUSED_FUNCTION = YES;
				GCC_WARN_UNUSED_VARIABLE = YES;
				IPHONEOS_DEPLOYMENT_TARGET = 18.2;
				LOCALIZATION_PREFERS_STRING_CATALOGS = YES;
				MTL_ENABLE_DEBUG_INFO = NO;
				MTL_FAST_MATH = YES;
				SDKROOT = iphoneos;
				SWIFT_COMPILATION_MODE = wholemodule;
				VALIDATE_PRODUCT = YES;
			};
			name = Release;
		};
		D27CCD642D36DD6B0050AB20 /* Debug */ = {
			isa = XCBuildConfiguration;
			buildSettings = {
				BUNDLE_LOADER = "$(TEST_HOST)";
				CODE_SIGN_STYLE = Automatic;
				CURRENT_PROJECT_VERSION = 1;
				DEVELOPMENT_TEAM = FFSK8595GW;
				GENERATE_INFOPLIST_FILE = YES;
				IPHONEOS_DEPLOYMENT_TARGET = 18.2;
				MARKETING_VERSION = 1.0;
				PRODUCT_BUNDLE_IDENTIFIER = "br.com.rodrigoamora.Example-CombineTests";
				PRODUCT_NAME = "$(TARGET_NAME)";
				SWIFT_EMIT_LOC_STRINGS = NO;
				SWIFT_VERSION = 5.0;
				TARGETED_DEVICE_FAMILY = "1,2";
				TEST_HOST = "$(BUILT_PRODUCTS_DIR)/Example Combine.app/$(BUNDLE_EXECUTABLE_FOLDER_PATH)/Example Combine";
			};
			name = Debug;
		};
		D27CCD652D36DD6B0050AB20 /* Release */ = {
			isa = XCBuildConfiguration;
			buildSettings = {
				BUNDLE_LOADER = "$(TEST_HOST)";
				CODE_SIGN_STYLE = Automatic;
				CURRENT_PROJECT_VERSION = 1;
				DEVELOPMENT_TEAM = FFSK8595GW;
				GENERATE_INFOPLIST_FILE = YES;
				IPHONEOS_DEPLOYMENT_TARGET = 18.2;
				MARKETING_VERSION = 1.0;
				PRODUCT_BUNDLE_IDENTIFIER = "br.com.rodrigoamora.Example-CombineTests";
				PRODUCT_NAME = "$(TARGET_NAME)";
				SWIFT_EMIT_LOC_STRINGS = NO;
				SWIFT_VERSION = 5.0;
				TARGETED_DEVICE_FAMILY = "1,2";
				TEST_HOST = "$(BUILT_PRODUCTS_DIR)/Example Combine.app/$(BUNDLE_EXECUTABLE_FOLDER_PATH)/Example Combine";
			};
			name = Release;
		};
		D27CCD672D36DD6B0050AB20 /* Debug */ = {
			isa = XCBuildConfiguration;
			buildSettings = {
				CODE_SIGN_STYLE = Automatic;
				CURRENT_PROJECT_VERSION = 1;
				DEVELOPMENT_TEAM = FFSK8595GW;
				GENERATE_INFOPLIST_FILE = YES;
				MARKETING_VERSION = 1.0;
				PRODUCT_BUNDLE_IDENTIFIER = "br.com.rodrigoamora.Example-CombineUITests";
				PRODUCT_NAME = "$(TARGET_NAME)";
				SWIFT_EMIT_LOC_STRINGS = NO;
				SWIFT_VERSION = 5.0;
				TARGETED_DEVICE_FAMILY = "1,2";
				TEST_TARGET_NAME = "Example Combine";
			};
			name = Debug;
		};
		D27CCD682D36DD6B0050AB20 /* Release */ = {
			isa = XCBuildConfiguration;
			buildSettings = {
				CODE_SIGN_STYLE = Automatic;
				CURRENT_PROJECT_VERSION = 1;
				DEVELOPMENT_TEAM = FFSK8595GW;
				GENERATE_INFOPLIST_FILE = YES;
				MARKETING_VERSION = 1.0;
				PRODUCT_BUNDLE_IDENTIFIER = "br.com.rodrigoamora.Example-CombineUITests";
				PRODUCT_NAME = "$(TARGET_NAME)";
				SWIFT_EMIT_LOC_STRINGS = NO;
				SWIFT_VERSION = 5.0;
				TARGETED_DEVICE_FAMILY = "1,2";
				TEST_TARGET_NAME = "Example Combine";
			};
			name = Release;
		};
/* End XCBuildConfiguration section */

/* Begin XCConfigurationList section */
		D27CCD2D2D36DD690050AB20 /* Build configuration list for PBXProject "Example Combine" */ = {
			isa = XCConfigurationList;
			buildConfigurations = (
				D27CCD612D36DD6B0050AB20 /* Debug */,
				D27CCD622D36DD6B0050AB20 /* Release */,
			);
			defaultConfigurationIsVisible = 0;
			defaultConfigurationName = Release;
		};
		D27CCD5E2D36DD6B0050AB20 /* Build configuration list for PBXNativeTarget "Example Combine" */ = {
			isa = XCConfigurationList;
			buildConfigurations = (
				D27CCD5F2D36DD6B0050AB20 /* Debug */,
				D27CCD602D36DD6B0050AB20 /* Release */,
			);
			defaultConfigurationIsVisible = 0;
			defaultConfigurationName = Release;
		};
		D27CCD632D36DD6B0050AB20 /* Build configuration list for PBXNativeTarget "Example CombineTests" */ = {
			isa = XCConfigurationList;
			buildConfigurations = (
				D27CCD642D36DD6B0050AB20 /* Debug */,
				D27CCD652D36DD6B0050AB20 /* Release */,
			);
			defaultConfigurationIsVisible = 0;
			defaultConfigurationName = Release;
		};
		D27CCD662D36DD6B0050AB20 /* Build configuration list for PBXNativeTarget "Example CombineUITests" */ = {
			isa = XCConfigurationList;
			buildConfigurations = (
				D27CCD672D36DD6B0050AB20 /* Debug */,
				D27CCD682D36DD6B0050AB20 /* Release */,
			);
			defaultConfigurationIsVisible = 0;
			defaultConfigurationName = Release;
		};
/* End XCConfigurationList section */
	};
	rootObject = D27CCD2A2D36DD690050AB20 /* Project object */;
}
